
Microsoft Visual Studio Solution File, Format Version 12.00
# Visual Studio 15
VisualStudioVersion = 15.0.28307.902
MinimumVisualStudioVersion = 10.0.40219.1
Project("{FAE04EC0-301F-11D3-BF4B-00C04F79EFBC}") = "Chess Project", "Chess Project\Chess Project.csproj", "{60932718-FD24-4BD9-B480-2A7DE3E7FE7C}"
EndProject
Global
	GlobalSection(SolutionConfigurationPlatforms) = preSolution
		Debug|Any CPU = Debug|Any CPU
		Release|Any CPU = Release|Any CPU
	EndGlobalSection
	GlobalSection(ProjectConfigurationPlatforms) = postSolution
		{60932718-FD24-4BD9-B480-2A7DE3E7FE7C}.Debug|Any CPU.ActiveCfg = Debug|Any CPU
		{60932718-FD24-4BD9-B480-2A7DE3E7FE7C}.Debug|Any CPU.Build.0 = Debug|Any CPU
		{60932718-FD24-4BD9-B480-2A7DE3E7FE7C}.Release|Any CPU.ActiveCfg = Release|Any CPU
		{60932718-FD24-4BD9-B480-2A7DE3E7FE7C}.Release|Any CPU.Build.0 = Release|Any CPU
	EndGlobalSection
	GlobalSection(SolutionProperties) = preSolution
		HideSolutionNode = FALSE
	EndGlobalSection
	GlobalSection(ExtensibilityGlobals) = postSolution
		SolutionGuid = {F148FB99-0EBE-4359-91AA-E8ECD3CDDE9C}
	EndGlobalSection
EndGlobal
